# This file was autogenerated by Juvix version 0.6.7.
# Do not edit this file manually.

version: 2
checksum: f65673f07301585474d0cccd560cc856fb8918461943a57588096fa8ef52d0f4
dependencies:
- git:
    name: anoma_juvix-stdlib
    ref: 0080b1183ab55e5180e69bfc3987e4cd6edbc230
    url: https://github.com/anoma/juvix-stdlib
  dependencies: []
- git:
    name: anoma_juvix-arm-specs
    ref: b8f5c172d0cdb42a77cd40020c9676621cebfcba
    url: https://github.com/anoma/juvix-arm-specs
  dependencies:
  - git:
      name: anoma_juvix-stdlib
      ref: 0080b1183ab55e5180e69bfc3987e4cd6edbc230
      url: https://github.com/anoma/juvix-stdlib
    dependencies: []
- git:
    name: anoma_anoma-applib
    ref: a65eb801f904efd2711b39e083f7823c2bd24d97
    url: https://github.com/anoma/anoma-applib
  dependencies:
  - git:
      name: anoma_juvix-stdlib
      ref: 0080b1183ab55e5180e69bfc3987e4cd6edbc230
      url: https://github.com/anoma/juvix-stdlib
    dependencies: []
  - git:
      name: anoma_juvix-arm-specs
      ref: b8f5c172d0cdb42a77cd40020c9676621cebfcba
      url: https://github.com/anoma/juvix-arm-specs
    dependencies:
    - git:
        name: anoma_juvix-stdlib
        ref: 0080b1183ab55e5180e69bfc3987e4cd6edbc230
        url: https://github.com/anoma/juvix-stdlib
      dependencies: []
